
Microsoft Visual Studio Solution File, Format Version 12.00
# Visual Studio Version 17
VisualStudioVersion = 17.14.36930.0 d17.14
MinimumVisualStudioVersion = 10.0.40219.1
Project("{FAE04EC0-301F-11D3-BF4B-00C04F79EFBC}") = "ASP .NET CORE (MVC)", "ASP .NET CORE (MVC)\ASP .NET CORE (MVC).csproj", "{11C7F82F-8827-4A34-868C-9263E9402DA7}"
EndProject
Global
	GlobalSection(SolutionConfigurationPlatforms) = preSolution
		Debug|Any CPU = Debug|Any CPU
		Release|Any CPU = Release|Any CPU
	EndGlobalSection
	GlobalSection(ProjectConfigurationPlatforms) = postSolution
		{11C7F82F-8827-4A34-868C-9263E9402DA7}.Debug|Any CPU.ActiveCfg = Debug|Any CPU
		{11C7F82F-8827-4A34-868C-9263E9402DA7}.Debug|Any CPU.Build.0 = Debug|Any CPU
		{11C7F82F-8827-4A34-868C-9263E9402DA7}.Release|Any CPU.ActiveCfg = Release|Any CPU
		{11C7F82F-8827-4A34-868C-9263E9402DA7}.Release|Any CPU.Build.0 = Release|Any CPU
	EndGlobalSection
	GlobalSection(SolutionProperties) = preSolution
		HideSolutionNode = FALSE
	EndGlobalSection
	GlobalSection(ExtensibilityGlobals) = postSolution
		SolutionGuid = {58B46BA4-0EF8-4AC6-B083-5FAB5200FA4E}
	EndGlobalSection
EndGlobal
